<?xml version="1.0" encoding="utf-8"?>
<Project ToolsVersion="4.0" xmlns="http://schemas.microsoft.com/developer/msbuild/2003">
  <ItemGroup>
    <Filter Include="Diabla">
      <UniqueIdentifier>{62BC20AE-4E5E-4B84-3719-5FD8235AD2D4}</UniqueIdentifier>
    </Filter>
    <Filter Include="Diabla\Events">
      <UniqueIdentifier>{06661E1F-7226-9A55-3B61-E3D2A7E0DE31}</UniqueIdentifier>
    </Filter>
    <Filter Include="Diabla\ImGui">
      <UniqueIdentifier>{0C739175-F8D5-201A-A15B-59D08D9DEC9C}</UniqueIdentifier>
    </Filter>
    <Filter Include="Platform">
      <UniqueIdentifier>{2AC788B4-1694-E3BF-3FAD-D1672BD9184E}</UniqueIdentifier>
    </Filter>
    <Filter Include="Platform\OpenGL">
      <UniqueIdentifier>{1E7D2C1D-8A08-9AE1-9319-1DD6FF23F6E1}</UniqueIdentifier>
    </Filter>
    <Filter Include="Platform\Windows">
      <UniqueIdentifier>{64FBD71A-50F4-F66C-7926-DCF1657ED678}</UniqueIdentifier>
    </Filter>
  </ItemGroup>
  <ItemGroup>
    <ClInclude Include="src\Diabla.h" />
    <ClInclude Include="src\Diabla\Application.h">
      <Filter>Diabla</Filter>
    </ClInclude>
    <ClInclude Include="src\Diabla\Core.h">
      <Filter>Diabla</Filter>
    </ClInclude>
    <ClInclude Include="src\Diabla\EntryPoint.h">
      <Filter>Diabla</Filter>
    </ClInclude>
    <ClInclude Include="src\Diabla\Events\ApplicationEvent.h">
      <Filter>Diabla\Events</Filter>
    </ClInclude>
    <ClInclude Include="src\Diabla\Events\Event.h">
      <Filter>Diabla\Events</Filter>
    </ClInclude>
    <ClInclude Include="src\Diabla\Events\KeyEvent.h">
      <Filter>Diabla\Events</Filter>
    </ClInclude>
    <ClInclude Include="src\Diabla\Events\MouseEvent.h">
      <Filter>Diabla\Events</Filter>
    </ClInclude>
    <ClInclude Include="src\Diabla\ImGui\ImGuiLayer.h">
      <Filter>Diabla\ImGui</Filter>
    </ClInclude>
    <ClInclude Include="src\Diabla\Input.h">
      <Filter>Diabla</Filter>
    </ClInclude>
    <ClInclude Include="src\Diabla\Layer.h">
      <Filter>Diabla</Filter>
    </ClInclude>
    <ClInclude Include="src\Diabla\LayerStack.h">
      <Filter>Diabla</Filter>
    </ClInclude>
    <ClInclude Include="src\Diabla\Log.h">
      <Filter>Diabla</Filter>
    </ClInclude>
    <ClInclude Include="src\Diabla\Window.h">
      <Filter>Diabla</Filter>
    </ClInclude>
    <ClInclude Include="src\Platform\OpenGL\imgui_impl_opengl3.h">
      <Filter>Platform\OpenGL</Filter>
    </ClInclude>
    <ClInclude Include="src\Platform\Windows\WindowsInput.h">
      <Filter>Platform\Windows</Filter>
    </ClInclude>
    <ClInclude Include="src\Platform\Windows\WindowsWindow.h">
      <Filter>Platform\Windows</Filter>
    </ClInclude>
    <ClInclude Include="src\dbpch.h" />
    <ClInclude Include="src\Diabla\KeyCodes.h" />
    <ClInclude Include="src\Diabla\MouseButtonCodes.h" />
  </ItemGroup>
  <ItemGroup>
    <ClCompile Include="src\Diabla\Application.cpp">
      <Filter>Diabla</Filter>
    </ClCompile>
    <ClCompile Include="src\Diabla\ImGui\ImGuiLayer.cpp">
      <Filter>Diabla\ImGui</Filter>
    </ClCompile>
    <ClCompile Include="src\Diabla\Layer.cpp">
      <Filter>Diabla</Filter>
    </ClCompile>
    <ClCompile Include="src\Diabla\LayerStack.cpp">
      <Filter>Diabla</Filter>
    </ClCompile>
    <ClCompile Include="src\Diabla\Log.cpp">
      <Filter>Diabla</Filter>
    </ClCompile>
    <ClCompile Include="src\Platform\OpenGL\imgui_impl_opengl3.cpp">
      <Filter>Platform\OpenGL</Filter>
    </ClCompile>
    <ClCompile Include="src\Platform\Windows\WindowsInput.cpp">
      <Filter>Platform\Windows</Filter>
    </ClCompile>
    <ClCompile Include="src\Platform\Windows\WindowsWindow.cpp">
      <Filter>Platform\Windows</Filter>
    </ClCompile>
    <ClCompile Include="src\dbpch.cpp" />
  </ItemGroup>
</Project>