<?xml version="1.0" encoding="utf-8"?>
<Project ToolsVersion="4.0" xmlns="http://schemas.microsoft.com/developer/msbuild/2003">
  <ItemGroup>
    <Filter Include="Diabla">
      <UniqueIdentifier>{62BC20AE-4E5E-4B84-3719-5FD8235AD2D4}</UniqueIdentifier>
    </Filter>
  </ItemGroup>
  <ItemGroup>
    <ClInclude Include="src\Diabla.h" />
    <ClInclude Include="src\Diabla\Application.h">
      <Filter>Diabla</Filter>
    </ClInclude>
    <ClInclude Include="src\Diabla\Core.h">
      <Filter>Diabla</Filter>
    </ClInclude>
    <ClInclude Include="src\Diabla\EntryPoint.h">
      <Filter>Diabla</Filter>
    </ClInclude>
    <ClInclude Include="src\Diabla\Log.h">
      <Filter>Diabla</Filter>
    </ClInclude>
  </ItemGroup>
  <ItemGroup>
    <ClCompile Include="src\Diabla\Application.cpp">
      <Filter>Diabla</Filter>
    </ClCompile>
    <ClCompile Include="src\Diabla\Log.cpp">
      <Filter>Diabla</Filter>
    </ClCompile>
  </ItemGroup>
</Project>